
Microsoft Visual Studio Solution File, Format Version 12.00
# Visual Studio 15
VisualStudioVersion = 15.0.26430.14
MinimumVisualStudioVersion = 10.0.40219.1
Project("{FAE04EC0-301F-11D3-BF4B-00C04F79EFBC}") = "Soundcloud Downloader", "Soundcloud Downloader\Soundcloud Downloader.csproj", "{441BDB84-8A7E-4EAC-8F51-6F0563E77085}"
EndProject
Global
	GlobalSection(SolutionConfigurationPlatforms) = preSolution
		Debug|Any CPU = Debug|Any CPU
		Release|Any CPU = Release|Any CPU
	EndGlobalSection
	GlobalSection(ProjectConfigurationPlatforms) = postSolution
		{441BDB84-8A7E-4EAC-8F51-6F0563E77085}.Debug|Any CPU.ActiveCfg = Debug|Any CPU
		{441BDB84-8A7E-4EAC-8F51-6F0563E77085}.Debug|Any CPU.Build.0 = Debug|Any CPU
		{441BDB84-8A7E-4EAC-8F51-6F0563E77085}.Release|Any CPU.ActiveCfg = Release|Any CPU
		{441BDB84-8A7E-4EAC-8F51-6F0563E77085}.Release|Any CPU.Build.0 = Release|Any CPU
	EndGlobalSection
	GlobalSection(SolutionProperties) = preSolution
		HideSolutionNode = FALSE
	EndGlobalSection
EndGlobal
